
Microsoft Visual Studio Solution File, Format Version 12.00
# Visual Studio 15
VisualStudioVersion = 15.0.28307.757
MinimumVisualStudioVersion = 10.0.40219.1
Project("{FAE04EC0-301F-11D3-BF4B-00C04F79EFBC}") = "0606A1Sortieren", "0606A1Sortieren\0606A1Sortieren.csproj", "{4FB40F3C-1829-4484-A3A2-7F9DBCB79A19}"
EndProject
Global
	GlobalSection(SolutionConfigurationPlatforms) = preSolution
		Debug|Any CPU = Debug|Any CPU
		Release|Any CPU = Release|Any CPU
	EndGlobalSection
	GlobalSection(ProjectConfigurationPlatforms) = postSolution
		{4FB40F3C-1829-4484-A3A2-7F9DBCB79A19}.Debug|Any CPU.ActiveCfg = Debug|Any CPU
		{4FB40F3C-1829-4484-A3A2-7F9DBCB79A19}.Debug|Any CPU.Build.0 = Debug|Any CPU
		{4FB40F3C-1829-4484-A3A2-7F9DBCB79A19}.Release|Any CPU.ActiveCfg = Release|Any CPU
		{4FB40F3C-1829-4484-A3A2-7F9DBCB79A19}.Release|Any CPU.Build.0 = Release|Any CPU
	EndGlobalSection
	GlobalSection(SolutionProperties) = preSolution
		HideSolutionNode = FALSE
	EndGlobalSection
	GlobalSection(ExtensibilityGlobals) = postSolution
		SolutionGuid = {F0ED652F-13D6-48AD-93F1-5388B6225CDC}
	EndGlobalSection
EndGlobal
